// !$*UTF8*$!
{
	archiveVersion = 1;
	classes = {
	};
	objectVersion = 48;
	objects = {

/* Begin PBXBuildFile section */
		0318605D2172BB360066E4CA /* AppDelegate.swift in Sources */ = {isa = PBXBuildFile; fileRef = 0318605C2172BB360066E4CA /* AppDelegate.swift */; };
		0318605F2172BB360066E4CA /* GameScene.sks in Resources */ = {isa = PBXBuildFile; fileRef = 0318605E2172BB360066E4CA /* GameScene.sks */; };
		031860612172BB360066E4CA /* Actions.sks in Resources */ = {isa = PBXBuildFile; fileRef = 031860602172BB360066E4CA /* Actions.sks */; };
		031860632172BB360066E4CA /* GameScene.swift in Sources */ = {isa = PBXBuildFile; fileRef = 031860622172BB360066E4CA /* GameScene.swift */; };
		031860652172BB360066E4CA /* GameViewController.swift in Sources */ = {isa = PBXBuildFile; fileRef = 031860642172BB360066E4CA /* GameViewController.swift */; };
		031860682172BB370066E4CA /* Main.storyboard in Resources */ = {isa = PBXBuildFile; fileRef = 031860662172BB370066E4CA /* Main.storyboard */; };
		0318606A2172BB370066E4CA /* Assets.xcassets in Resources */ = {isa = PBXBuildFile; fileRef = 031860692172BB370066E4CA /* Assets.xcassets */; };
		0318606D2172BB370066E4CA /* LaunchScreen.storyboard in Resources */ = {isa = PBXBuildFile; fileRef = 0318606B2172BB370066E4CA /* LaunchScreen.storyboard */; };
		031860782172BB370066E4CA /* GameTests.swift in Sources */ = {isa = PBXBuildFile; fileRef = 031860772172BB370066E4CA /* GameTests.swift */; };
		031860832172BB370066E4CA /* GameUITests.swift in Sources */ = {isa = PBXBuildFile; fileRef = 031860822172BB370066E4CA /* GameUITests.swift */; };
/* End PBXBuildFile section */

/* Begin PBXContainerItemProxy section */
		031860742172BB370066E4CA /* PBXContainerItemProxy */ = {
			isa = PBXContainerItemProxy;
			containerPortal = 031860512172BB360066E4CA /* Project object */;
			proxyType = 1;
			remoteGlobalIDString = 031860582172BB360066E4CA;
			remoteInfo = Game;
		};
		0318607F2172BB370066E4CA /* PBXContainerItemProxy */ = {
			isa = PBXContainerItemProxy;
			containerPortal = 031860512172BB360066E4CA /* Project object */;
			proxyType = 1;
			remoteGlobalIDString = 031860582172BB360066E4CA;
			remoteInfo = Game;
		};
/* End PBXContainerItemProxy section */

/* Begin PBXFileReference section */
		031860592172BB360066E4CA /* Game.app */ = {isa = PBXFileReference; explicitFileType = wrapper.application; includeInIndex = 0; path = Game.app; sourceTree = BUILT_PRODUCTS_DIR; };
		0318605C2172BB360066E4CA /* AppDelegate.swift */ = {isa = PBXFileReference; lastKnownFileType = sourcecode.swift; path = AppDelegate.swift; sourceTree = "<group>"; };
		0318605E2172BB360066E4CA /* GameScene.sks */ = {isa = PBXFileReference; lastKnownFileType = file.sks; path = GameScene.sks; sourceTree = "<group>"; };
		031860602172BB360066E4CA /* Actions.sks */ = {isa = PBXFileReference; lastKnownFileType = file.sks; path = Actions.sks; sourceTree = "<group>"; };
		031860622172BB360066E4CA /* GameScene.swift */ = {isa = PBXFileReference; lastKnownFileType = sourcecode.swift; path = GameScene.swift; sourceTree = "<group>"; };
		031860642172BB360066E4CA /* GameViewController.swift */ = {isa = PBXFileReference; lastKnownFileType = sourcecode.swift; path = GameViewController.swift; sourceTree = "<group>"; };
		031860672172BB370066E4CA /* Base */ = {isa = PBXFileReference; lastKnownFileType = file.storyboard; name = Base; path = Base.lproj/Main.storyboard; sourceTree = "<group>"; };
		031860692172BB370066E4CA /* Assets.xcassets */ = {isa = PBXFileReference; lastKnownFileType = folder.assetcatalog; path = Assets.xcassets; sourceTree = "<group>"; };
		0318606C2172BB370066E4CA /* Base */ = {isa = PBXFileReference; lastKnownFileType = file.storyboard; name = Base; path = Base.lproj/LaunchScreen.storyboard; sourceTree = "<group>"; };
		0318606E2172BB370066E4CA /* Info.plist */ = {isa = PBXFileReference; lastKnownFileType = text.plist.xml; path = Info.plist; sourceTree = "<group>"; };
		031860732172BB370066E4CA /* GameTests.xctest */ = {isa = PBXFileReference; explicitFileType = wrapper.cfbundle; includeInIndex = 0; path = GameTests.xctest; sourceTree = BUILT_PRODUCTS_DIR; };
		031860772172BB370066E4CA /* GameTests.swift */ = {isa = PBXFileReference; lastKnownFileType = sourcecode.swift; path = GameTests.swift; sourceTree = "<group>"; };
		031860792172BB370066E4CA /* Info.plist */ = {isa = PBXFileReference; lastKnownFileType = text.plist.xml; path = Info.plist; sourceTree = "<group>"; };
		0318607E2172BB370066E4CA /* GameUITests.xctest */ = {isa = PBXFileReference; explicitFileType = wrapper.cfbundle; includeInIndex = 0; path = GameUITests.xctest; sourceTree = BUILT_PRODUCTS_DIR; };
		031860822172BB370066E4CA /* GameUITests.swift */ = {isa = PBXFileReference; lastKnownFileType = sourcecode.swift; path = GameUITests.swift; sourceTree = "<group>"; };
		031860842172BB370066E4CA /* Info.plist */ = {isa = PBXFileReference; lastKnownFileType = text.plist.xml; path = Info.plist; sourceTree = "<group>"; };
/* End PBXFileReference section */

/* Begin PBXFrameworksBuildPhase section */
		031860562172BB360066E4CA /* Frameworks */ = {
			isa = PBXFrameworksBuildPhase;
			buildActionMask = 2147483647;
			files = (
			);
			runOnlyForDeploymentPostprocessing = 0;
		};
		031860702172BB370066E4CA /* Frameworks */ = {
			isa = PBXFrameworksBuildPhase;
			buildActionMask = 2147483647;
			files = (
			);
			runOnlyForDeploymentPostprocessing = 0;
		};
		0318607B2172BB370066E4CA /* Frameworks */ = {
			isa = PBXFrameworksBuildPhase;
			buildActionMask = 2147483647;
			files = (
			);
			runOnlyForDeploymentPostprocessing = 0;
		};
/* End PBXFrameworksBuildPhase section */

/* Begin PBXGroup section */
		031860502172BB360066E4CA = {
			isa = PBXGroup;
			children = (
				0318605B2172BB360066E4CA /* Game */,
				031860762172BB370066E4CA /* GameTests */,
				031860812172BB370066E4CA /* GameUITests */,
				0318605A2172BB360066E4CA /* Products */,
			);
			sourceTree = "<group>";
		};
		0318605A2172BB360066E4CA /* Products */ = {
			isa = PBXGroup;
			children = (
				031860592172BB360066E4CA /* Game.app */,
				031860732172BB370066E4CA /* GameTests.xctest */,
				0318607E2172BB370066E4CA /* GameUITests.xctest */,
			);
			name = Products;
			sourceTree = "<group>";
		};
		0318605B2172BB360066E4CA /* Game */ = {
			isa = PBXGroup;
			children = (
				0318605C2172BB360066E4CA /* AppDelegate.swift */,
				0318605E2172BB360066E4CA /* GameScene.sks */,
				031860602172BB360066E4CA /* Actions.sks */,
				031860622172BB360066E4CA /* GameScene.swift */,
				031860642172BB360066E4CA /* GameViewController.swift */,
				031860662172BB370066E4CA /* Main.storyboard */,
				031860692172BB370066E4CA /* Assets.xcassets */,
				0318606B2172BB370066E4CA /* LaunchScreen.storyboard */,
				0318606E2172BB370066E4CA /* Info.plist */,
			);
			path = Game;
			sourceTree = "<group>";
		};
		031860762172BB370066E4CA /* GameTests */ = {
			isa = PBXGroup;
			children = (
				031860772172BB370066E4CA /* GameTests.swift */,
				031860792172BB370066E4CA /* Info.plist */,
			);
			path = GameTests;
			sourceTree = "<group>";
		};
		031860812172BB370066E4CA /* GameUITests */ = {
			isa = PBXGroup;
			children = (
				031860822172BB370066E4CA /* GameUITests.swift */,
				031860842172BB370066E4CA /* Info.plist */,
			);
			path = GameUITests;
			sourceTree = "<group>";
		};
/* End PBXGroup section */

/* Begin PBXNativeTarget section */
		031860582172BB360066E4CA /* Game */ = {
			isa = PBXNativeTarget;
			buildConfigurationList = 031860872172BB370066E4CA /* Build configuration list for PBXNativeTarget "Game" */;
			buildPhases = (
				031860552172BB360066E4CA /* Sources */,
				031860562172BB360066E4CA /* Frameworks */,
				031860572172BB360066E4CA /* Resources */,
			);
			buildRules = (
			);
			dependencies = (
			);
			name = Game;
			productName = Game;
			productReference = 031860592172BB360066E4CA /* Game.app */;
			productType = "com.apple.product-type.application";
		};
		031860722172BB370066E4CA /* GameTests */ = {
			isa = PBXNativeTarget;
			buildConfigurationList = 0318608A2172BB370066E4CA /* Build configuration list for PBXNativeTarget "GameTests" */;
			buildPhases = (
				0318606F2172BB370066E4CA /* Sources */,
				031860702172BB370066E4CA /* Frameworks */,
				031860712172BB370066E4CA /* Resources */,
			);
			buildRules = (
			);
			dependencies = (
				031860752172BB370066E4CA /* PBXTargetDependency */,
			);
			name = GameTests;
			productName = GameTests;
			productReference = 031860732172BB370066E4CA /* GameTests.xctest */;
			productType = "com.apple.product-type.bundle.unit-test";
		};
		0318607D2172BB370066E4CA /* GameUITests */ = {
			isa = PBXNativeTarget;
			buildConfigurationList = 0318608D2172BB370066E4CA /* Build configuration list for PBXNativeTarget "GameUITests" */;
			buildPhases = (
				0318607A2172BB370066E4CA /* Sources */,
				0318607B2172BB370066E4CA /* Frameworks */,
				0318607C2172BB370066E4CA /* Resources */,
			);
			buildRules = (
			);
			dependencies = (
				031860802172BB370066E4CA /* PBXTargetDependency */,
			);
			name = GameUITests;
			productName = GameUITests;
			productReference = 0318607E2172BB370066E4CA /* GameUITests.xctest */;
			productType = "com.apple.product-type.bundle.ui-testing";
		};
/* End PBXNativeTarget section */

/* Begin PBXProject section */
		031860512172BB360066E4CA /* Project object */ = {
			isa = PBXProject;
			attributes = {
				LastSwiftUpdateCheck = 0920;
				LastUpgradeCheck = 0920;
				ORGANIZATIONNAME = "Sherry Wang";
				TargetAttributes = {
					031860582172BB360066E4CA = {
						CreatedOnToolsVersion = 9.2;
						ProvisioningStyle = Automatic;
					};
					031860722172BB370066E4CA = {
						CreatedOnToolsVersion = 9.2;
						ProvisioningStyle = Automatic;
						TestTargetID = 031860582172BB360066E4CA;
					};
					0318607D2172BB370066E4CA = {
						CreatedOnToolsVersion = 9.2;
						ProvisioningStyle = Automatic;
						TestTargetID = 031860582172BB360066E4CA;
					};
				};
			};
			buildConfigurationList = 031860542172BB360066E4CA /* Build configuration list for PBXProject "Game" */;
			compatibilityVersion = "Xcode 8.0";
			developmentRegion = en;
			hasScannedForEncodings = 0;
			knownRegions = (
				en,
				Base,
			);
			mainGroup = 031860502172BB360066E4CA;
			productRefGroup = 0318605A2172BB360066E4CA /* Products */;
			projectDirPath = "";
			projectRoot = "";
			targets = (
				031860582172BB360066E4CA /* Game */,
				031860722172BB370066E4CA /* GameTests */,
				0318607D2172BB370066E4CA /* GameUITests */,
			);
		};
/* End PBXProject section */

/* Begin PBXResourcesBuildPhase section */
		031860572172BB360066E4CA /* Resources */ = {
			isa = PBXResourcesBuildPhase;
			buildActionMask = 2147483647;
			files = (
				031860682172BB370066E4CA /* Main.storyboard in Resources */,
				0318605F2172BB360066E4CA /* GameScene.sks in Resources */,
				0318606A2172BB370066E4CA /* Assets.xcassets in Resources */,
				0318606D2172BB370066E4CA /* LaunchScreen.storyboard in Resources */,
				031860612172BB360066E4CA /* Actions.sks in Resources */,
			);
			runOnlyForDeploymentPostprocessing = 0;
		};
		031860712172BB370066E4CA /* Resources */ = {
			isa = PBXResourcesBuildPhase;
			buildActionMask = 2147483647;
			files = (
			);
			runOnlyForDeploymentPostprocessing = 0;
		};
		0318607C2172BB370066E4CA /* Resources */ = {
			isa = PBXResourcesBuildPhase;
			buildActionMask = 2147483647;
			files = (
			);
			runOnlyForDeploymentPostprocessing = 0;
		};
/* End PBXResourcesBuildPhase section */

/* Begin PBXSourcesBuildPhase section */
		031860552172BB360066E4CA /* Sources */ = {
			isa = PBXSourcesBuildPhase;
			buildActionMask = 2147483647;
			files = (
				031860632172BB360066E4CA /* GameScene.swift in Sources */,
				031860652172BB360066E4CA /* GameViewController.swift in Sources */,
				0318605D2172BB360066E4CA /* AppDelegate.swift in Sources */,
			);
			runOnlyForDeploymentPostprocessing = 0;
		};
		0318606F2172BB370066E4CA /* Sources */ = {
			isa = PBXSourcesBuildPhase;
			buildActionMask = 2147483647;
			files = (
				031860782172BB370066E4CA /* GameTests.swift in Sources */,
			);
			runOnlyForDeploymentPostprocessing = 0;
		};
		0318607A2172BB370066E4CA /* Sources */ = {
			isa = PBXSourcesBuildPhase;
			buildActionMask = 2147483647;
			files = (
				031860832172BB370066E4CA /* GameUITests.swift in Sources */,
			);
			runOnlyForDeploymentPostprocessing = 0;
		};
/* End PBXSourcesBuildPhase section */

/* Begin PBXTargetDependency section */
		031860752172BB370066E4CA /* PBXTargetDependency */ = {
			isa = PBXTargetDependency;
			target = 031860582172BB360066E4CA /* Game */;
			targetProxy = 031860742172BB370066E4CA /* PBXContainerItemProxy */;
		};
		031860802172BB370066E4CA /* PBXTargetDependency */ = {
			isa = PBXTargetDependency;
			target = 031860582172BB360066E4CA /* Game */;
			targetProxy = 0318607F2172BB370066E4CA /* PBXContainerItemProxy */;
		};
/* End PBXTargetDependency section */

/* Begin PBXVariantGroup section */
		031860662172BB370066E4CA /* Main.storyboard */ = {
			isa = PBXVariantGroup;
			children = (
				031860672172BB370066E4CA /* Base */,
			);
			name = Main.storyboard;
			sourceTree = "<group>";
		};
		0318606B2172BB370066E4CA /* LaunchScreen.storyboard */ = {
			isa = PBXVariantGroup;
			children = (
				0318606C2172BB370066E4CA /* Base */,
			);
			name = LaunchScreen.storyboard;
			sourceTree = "<group>";
		};
/* End PBXVariantGroup section */

/* Begin XCBuildConfiguration section */
		031860852172BB370066E4CA /* Debug */ = {
			isa = XCBuildConfiguration;
			buildSettings = {
				ALWAYS_SEARCH_USER_PATHS = NO;
				CLANG_ANALYZER_NONNULL = YES;
				CLANG_ANALYZER_NUMBER_OBJECT_CONVERSION = YES_AGGRESSIVE;
				CLANG_CXX_LANGUAGE_STANDARD = "gnu++14";
				CLANG_CXX_LIBRARY = "libc++";
				CLANG_ENABLE_MODULES = YES;
				CLANG_ENABLE_OBJC_ARC = YES;
				CLANG_WARN_BLOCK_CAPTURE_AUTORELEASING = YES;
				CLANG_WARN_BOOL_CONVERSION = YES;
				CLANG_WARN_COMMA = YES;
				CLANG_WARN_CONSTANT_CONVERSION = YES;
				CLANG_WARN_DIRECT_OBJC_ISA_USAGE = YES_ERROR;
				CLANG_WARN_DOCUMENTATION_COMMENTS = YES;
				CLANG_WARN_EMPTY_BODY = YES;
				CLANG_WARN_ENUM_CONVERSION = YES;
				CLANG_WARN_INFINITE_RECURSION = YES;
				CLANG_WARN_INT_CONVERSION = YES;
				CLANG_WARN_NON_LITERAL_NULL_CONVERSION = YES;
				CLANG_WARN_OBJC_LITERAL_CONVERSION = YES;
				CLANG_WARN_OBJC_ROOT_CLASS = YES_ERROR;
				CLANG_WARN_RANGE_LOOP_ANALYSIS = YES;
				CLANG_WARN_STRICT_PROTOTYPES = YES;
				CLANG_WARN_SUSPICIOUS_MOVE = YES;
				CLANG_WARN_UNGUARDED_AVAILABILITY = YES_AGGRESSIVE;
				CLANG_WARN_UNREACHABLE_CODE = YES;
				CLANG_WARN__DUPLICATE_METHOD_MATCH = YES;
				CODE_SIGN_IDENTITY = "iPhone Developer";
				COPY_PHASE_STRIP = NO;
				DEBUG_INFORMATION_FORMAT = dwarf;
				ENABLE_STRICT_OBJC_MSGSEND = YES;
				ENABLE_TESTABILITY = YES;
				GCC_C_LANGUAGE_STANDARD = gnu11;
				GCC_DYNAMIC_NO_PIC = NO;
				GCC_NO_COMMON_BLOCKS = YES;
				GCC_OPTIMIZATION_LEVEL = 0;
				GCC_PREPROCESSOR_DEFINITIONS = (
					"DEBUG=1",
					"$(inherited)",
				);
				GCC_WARN_64_TO_32_BIT_CONVERSION = YES;
				GCC_WARN_ABOUT_RETURN_TYPE = YES_ERROR;
				GCC_WARN_UNDECLARED_SELECTOR = YES;
				GCC_WARN_UNINITIALIZED_AUTOS = YES_AGGRESSIVE;
				GCC_WARN_UNUSED_FUNCTION = YES;
				GCC_WARN_UNUSED_VARIABLE = YES;
				IPHONEOS_DEPLOYMENT_TARGET = 11.2;
				MTL_ENABLE_DEBUG_INFO = YES;
				ONLY_ACTIVE_ARCH = YES;
				SDKROOT = iphoneos;
				SWIFT_ACTIVE_COMPILATION_CONDITIONS = DEBUG;
				SWIFT_OPTIMIZATION_LEVEL = "-Onone";
			};
			name = Debug;
		};
		031860862172BB370066E4CA /* Release */ = {
			isa = XCBuildConfiguration;
			buildSettings = {
				ALWAYS_SEARCH_USER_PATHS = NO;
				CLANG_ANALYZER_NONNULL = YES;
				CLANG_ANALYZER_NUMBER_OBJECT_CONVERSION = YES_AGGRESSIVE;
				CLANG_CXX_LANGUAGE_STANDARD = "gnu++14";
				CLANG_CXX_LIBRARY = "libc++";
				CLANG_ENABLE_MODULES = YES;
				CLANG_ENABLE_OBJC_ARC = YES;
				CLANG_WARN_BLOCK_CAPTURE_AUTORELEASING = YES;
				CLANG_WARN_BOOL_CONVERSION = YES;
				CLANG_WARN_COMMA = YES;
				CLANG_WARN_CONSTANT_CONVERSION = YES;
				CLANG_WARN_DIRECT_OBJC_ISA_USAGE = YES_ERROR;
				CLANG_WARN_DOCUMENTATION_COMMENTS = YES;
				CLANG_WARN_EMPTY_BODY = YES;
				CLANG_WARN_ENUM_CONVERSION = YES;
				CLANG_WARN_INFINITE_RECURSION = YES;
				CLANG_WARN_INT_CONVERSION = YES;
				CLANG_WARN_NON_LITERAL_NULL_CONVERSION = YES;
				CLANG_WARN_OBJC_LITERAL_CONVERSION = YES;
				CLANG_WARN_OBJC_ROOT_CLASS = YES_ERROR;
				CLANG_WARN_RANGE_LOOP_ANALYSIS = YES;
				CLANG_WARN_STRICT_PROTOTYPES = YES;
				CLANG_WARN_SUSPICIOUS_MOVE = YES;
				CLANG_WARN_UNGUARDED_AVAILABILITY = YES_AGGRESSIVE;
				CLANG_WARN_UNREACHABLE_CODE = YES;
				CLANG_WARN__DUPLICATE_METHOD_MATCH = YES;
				CODE_SIGN_IDENTITY = "iPhone Developer";
				COPY_PHASE_STRIP = NO;
				DEBUG_INFORMATION_FORMAT = "dwarf-with-dsym";
				ENABLE_NS_ASSERTIONS = NO;
				ENABLE_STRICT_OBJC_MSGSEND = YES;
				GCC_C_LANGUAGE_STANDARD = gnu11;
				GCC_NO_COMMON_BLOCKS = YES;
				GCC_WARN_64_TO_32_BIT_CONVERSION = YES;
				GCC_WARN_ABOUT_RETURN_TYPE = YES_ERROR;
				GCC_WARN_UNDECLARED_SELECTOR = YES;
				GCC_WARN_UNINITIALIZED_AUTOS = YES_AGGRESSIVE;
				GCC_WARN_UNUSED_FUNCTION = YES;
				GCC_WARN_UNUSED_VARIABLE = YES;
				IPHONEOS_DEPLOYMENT_TARGET = 11.2;
				MTL_ENABLE_DEBUG_INFO = NO;
				SDKROOT = iphoneos;
				SWIFT_OPTIMIZATION_LEVEL = "-Owholemodule";
				VALIDATE_PRODUCT = YES;
			};
			name = Release;
		};
		031860882172BB370066E4CA /* Debug */ = {
			isa = XCBuildConfiguration;
			buildSettings = {
				ASSETCATALOG_COMPILER_APPICON_NAME = AppIcon;
				CODE_SIGN_STYLE = Automatic;
				INFOPLIST_FILE = Game/Info.plist;
				LD_RUNPATH_SEARCH_PATHS = "$(inherited) @executable_path/Frameworks";
				PRODUCT_BUNDLE_IDENTIFIER = com.andrew.Game;
				PRODUCT_NAME = "$(TARGET_NAME)";
				SWIFT_VERSION = 4.0;
				TARGETED_DEVICE_FAMILY = "1,2";
			};
			name = Debug;
		};
		031860892172BB370066E4CA /* Release */ = {
			isa = XCBuildConfiguration;
			buildSettings = {
				ASSETCATALOG_COMPILER_APPICON_NAME = AppIcon;
				CODE_SIGN_STYLE = Automatic;
				INFOPLIST_FILE = Game/Info.plist;
				LD_RUNPATH_SEARCH_PATHS = "$(inherited) @executable_path/Frameworks";
				PRODUCT_BUNDLE_IDENTIFIER = com.andrew.Game;
				PRODUCT_NAME = "$(TARGET_NAME)";
				SWIFT_VERSION = 4.0;
				TARGETED_DEVICE_FAMILY = "1,2";
			};
			name = Release;
		};
		0318608B2172BB370066E4CA /* Debug */ = {
			isa = XCBuildConfiguration;
			buildSettings = {
				ALWAYS_EMBED_SWIFT_STANDARD_LIBRARIES = YES;
				BUNDLE_LOADER = "$(TEST_HOST)";
				CODE_SIGN_STYLE = Automatic;
				INFOPLIST_FILE = GameTests/Info.plist;
				LD_RUNPATH_SEARCH_PATHS = "$(inherited) @executable_path/Frameworks @loader_path/Frameworks";
				PRODUCT_BUNDLE_IDENTIFIER = com.andrew.GameTests;
				PRODUCT_NAME = "$(TARGET_NAME)";
				SWIFT_VERSION = 4.0;
				TARGETED_DEVICE_FAMILY = "1,2";
				TEST_HOST = "$(BUILT_PRODUCTS_DIR)/Game.app/Game";
			};
			name = Debug;
		};
		0318608C2172BB370066E4CA /* Release */ = {
			isa = XCBuildConfiguration;
			buildSettings = {
				ALWAYS_EMBED_SWIFT_STANDARD_LIBRARIES = YES;
				BUNDLE_LOADER = "$(TEST_HOST)";
				CODE_SIGN_STYLE = Automatic;
				INFOPLIST_FILE = GameTests/Info.plist;
				LD_RUNPATH_SEARCH_PATHS = "$(inherited) @executable_path/Frameworks @loader_path/Frameworks";
				PRODUCT_BUNDLE_IDENTIFIER = com.andrew.GameTests;
				PRODUCT_NAME = "$(TARGET_NAME)";
				SWIFT_VERSION = 4.0;
				TARGETED_DEVICE_FAMILY = "1,2";
				TEST_HOST = "$(BUILT_PRODUCTS_DIR)/Game.app/Game";
			};
			name = Release;
		};
		0318608E2172BB370066E4CA /* Debug */ = {
			isa = XCBuildConfiguration;
			buildSettings = {
				ALWAYS_EMBED_SWIFT_STANDARD_LIBRARIES = YES;
				CODE_SIGN_STYLE = Automatic;
				INFOPLIST_FILE = GameUITests/Info.plist;
				LD_RUNPATH_SEARCH_PATHS = "$(inherited) @executable_path/Frameworks @loader_path/Frameworks";
				PRODUCT_BUNDLE_IDENTIFIER = com.andrew.GameUITests;
				PRODUCT_NAME = "$(TARGET_NAME)";
				SWIFT_VERSION = 4.0;
				TARGETED_DEVICE_FAMILY = "1,2";
				TEST_TARGET_NAME = Game;
			};
			name = Debug;
		};
		0318608F2172BB370066E4CA /* Release */ = {
			isa = XCBuildConfiguration;
			buildSettings = {
				ALWAYS_EMBED_SWIFT_STANDARD_LIBRARIES = YES;
				CODE_SIGN_STYLE = Automatic;
				INFOPLIST_FILE = GameUITests/Info.plist;
				LD_RUNPATH_SEARCH_PATHS = "$(inherited) @executable_path/Frameworks @loader_path/Frameworks";
				PRODUCT_BUNDLE_IDENTIFIER = com.andrew.GameUITests;
				PRODUCT_NAME = "$(TARGET_NAME)";
				SWIFT_VERSION = 4.0;
				TARGETED_DEVICE_FAMILY = "1,2";
				TEST_TARGET_NAME = Game;
			};
			name = Release;
		};
/* End XCBuildConfiguration section */

/* Begin XCConfigurationList section */
		031860542172BB360066E4CA /* Build configuration list for PBXProject "Game" */ = {
			isa = XCConfigurationList;
			buildConfigurations = (
				031860852172BB370066E4CA /* Debug */,
				031860862172BB370066E4CA /* Release */,
			);
			defaultConfigurationIsVisible = 0;
			defaultConfigurationName = Release;
		};
		031860872172BB370066E4CA /* Build configuration list for PBXNativeTarget "Game" */ = {
			isa = XCConfigurationList;
			buildConfigurations = (
				031860882172BB370066E4CA /* Debug */,
				031860892172BB370066E4CA /* Release */,
			);
			defaultConfigurationIsVisible = 0;
			defaultConfigurationName = Release;
		};
		0318608A2172BB370066E4CA /* Build configuration list for PBXNativeTarget "GameTests" */ = {
			isa = XCConfigurationList;
			buildConfigurations = (
				0318608B2172BB370066E4CA /* Debug */,
				0318608C2172BB370066E4CA /* Release */,
			);
			defaultConfigurationIsVisible = 0;
			defaultConfigurationName = Release;
		};
		0318608D2172BB370066E4CA /* Build configuration list for PBXNativeTarget "GameUITests" */ = {
			isa = XCConfigurationList;
			buildConfigurations = (
				0318608E2172BB370066E4CA /* Debug */,
				0318608F2172BB370066E4CA /* Release */,
			);
			defaultConfigurationIsVisible = 0;
			defaultConfigurationName = Release;
		};
/* End XCConfigurationList section */
	};
	rootObject = 031860512172BB360066E4CA /* Project object */;
}
